
Microsoft Visual Studio Solution File, Format Version 12.00
# Visual Studio Version 17
VisualStudioVersion = 17.3.32825.248
MinimumVisualStudioVersion = 10.0.40219.1
Project("{FAE04EC0-301F-11D3-BF4B-00C04F79EFBC}") = "AsyncWPFDemoWorkshop", "AsyncWPFDemoWorkshop.csproj", "{B8677E47-6017-4C0E-8A83-CD32EB8695DB}"
EndProject
Global
	GlobalSection(SolutionConfigurationPlatforms) = preSolution
		Debug|Any CPU = Debug|Any CPU
		Release|Any CPU = Release|Any CPU
	EndGlobalSection
	GlobalSection(ProjectConfigurationPlatforms) = postSolution
		{B8677E47-6017-4C0E-8A83-CD32EB8695DB}.Debug|Any CPU.ActiveCfg = Debug|Any CPU
		{B8677E47-6017-4C0E-8A83-CD32EB8695DB}.Debug|Any CPU.Build.0 = Debug|Any CPU
		{B8677E47-6017-4C0E-8A83-CD32EB8695DB}.Release|Any CPU.ActiveCfg = Release|Any CPU
		{B8677E47-6017-4C0E-8A83-CD32EB8695DB}.Release|Any CPU.Build.0 = Release|Any CPU
	EndGlobalSection
	GlobalSection(SolutionProperties) = preSolution
		HideSolutionNode = FALSE
	EndGlobalSection
	GlobalSection(ExtensibilityGlobals) = postSolution
		SolutionGuid = {75E389D6-D4C9-434D-8B19-FBD42F38C47D}
	EndGlobalSection
EndGlobal
